
Microsoft Visual Studio Solution File, Format Version 12.00
# Visual Studio Version 17
VisualStudioVersion = 17.9.34622.214
MinimumVisualStudioVersion = 10.0.40219.1
Project("{9A19103F-16F7-4668-BE54-9A1E7A4F7556}") = "Repas", "Repas\Repas.csproj", "{E1D6FEB7-DBD7-42AD-9961-E26AE7690834}"
	ProjectSection(ProjectDependencies) = postProject
		{3F129DE4-D8AF-484C-93D5-341E1D7F0F92} = {3F129DE4-D8AF-484C-93D5-341E1D7F0F92}
		{629B6029-62F0-4D52-9341-7D79D093B2E2} = {629B6029-62F0-4D52-9341-7D79D093B2E2}
		{895B01B3-AF20-44F7-8DD7-4E59FDDC4610} = {895B01B3-AF20-44F7-8DD7-4E59FDDC4610}
		{DD79701C-6BE8-4C81-8FD5-D3C37EE344D1} = {DD79701C-6BE8-4C81-8FD5-D3C37EE344D1}
	EndProjectSection
EndProject
Project("{9A19103F-16F7-4668-BE54-9A1E7A4F7556}") = "Entities", "Entities\Entities.csproj", "{629B6029-62F0-4D52-9341-7D79D093B2E2}"
EndProject
Project("{9A19103F-16F7-4668-BE54-9A1E7A4F7556}") = "DataAccess", "DataAcccess\DataAccess.csproj", "{3F129DE4-D8AF-484C-93D5-341E1D7F0F92}"
	ProjectSection(ProjectDependencies) = postProject
		{629B6029-62F0-4D52-9341-7D79D093B2E2} = {629B6029-62F0-4D52-9341-7D79D093B2E2}
		{895B01B3-AF20-44F7-8DD7-4E59FDDC4610} = {895B01B3-AF20-44F7-8DD7-4E59FDDC4610}
	EndProjectSection
EndProject
Project("{9A19103F-16F7-4668-BE54-9A1E7A4F7556}") = "Core", "Core\Core.csproj", "{895B01B3-AF20-44F7-8DD7-4E59FDDC4610}"
EndProject
Project("{9A19103F-16F7-4668-BE54-9A1E7A4F7556}") = "Business", "Business\Business.csproj", "{DD79701C-6BE8-4C81-8FD5-D3C37EE344D1}"
	ProjectSection(ProjectDependencies) = postProject
		{3F129DE4-D8AF-484C-93D5-341E1D7F0F92} = {3F129DE4-D8AF-484C-93D5-341E1D7F0F92}
		{629B6029-62F0-4D52-9341-7D79D093B2E2} = {629B6029-62F0-4D52-9341-7D79D093B2E2}
		{895B01B3-AF20-44F7-8DD7-4E59FDDC4610} = {895B01B3-AF20-44F7-8DD7-4E59FDDC4610}
	EndProjectSection
EndProject
Project("{9A19103F-16F7-4668-BE54-9A1E7A4F7556}") = "WebAPI", "WebAPI\WebAPI.csproj", "{F4B17278-5FE4-4232-8AF8-7EE6FED26204}"
	ProjectSection(ProjectDependencies) = postProject
		{3F129DE4-D8AF-484C-93D5-341E1D7F0F92} = {3F129DE4-D8AF-484C-93D5-341E1D7F0F92}
		{629B6029-62F0-4D52-9341-7D79D093B2E2} = {629B6029-62F0-4D52-9341-7D79D093B2E2}
		{895B01B3-AF20-44F7-8DD7-4E59FDDC4610} = {895B01B3-AF20-44F7-8DD7-4E59FDDC4610}
		{DD79701C-6BE8-4C81-8FD5-D3C37EE344D1} = {DD79701C-6BE8-4C81-8FD5-D3C37EE344D1}
		{E1D6FEB7-DBD7-42AD-9961-E26AE7690834} = {E1D6FEB7-DBD7-42AD-9961-E26AE7690834}
	EndProjectSection
EndProject
Global
	GlobalSection(SolutionConfigurationPlatforms) = preSolution
		Debug|Any CPU = Debug|Any CPU
		Release|Any CPU = Release|Any CPU
	EndGlobalSection
	GlobalSection(ProjectConfigurationPlatforms) = postSolution
		{E1D6FEB7-DBD7-42AD-9961-E26AE7690834}.Debug|Any CPU.ActiveCfg = Debug|Any CPU
		{E1D6FEB7-DBD7-42AD-9961-E26AE7690834}.Debug|Any CPU.Build.0 = Debug|Any CPU
		{E1D6FEB7-DBD7-42AD-9961-E26AE7690834}.Release|Any CPU.ActiveCfg = Release|Any CPU
		{E1D6FEB7-DBD7-42AD-9961-E26AE7690834}.Release|Any CPU.Build.0 = Release|Any CPU
		{629B6029-62F0-4D52-9341-7D79D093B2E2}.Debug|Any CPU.ActiveCfg = Debug|Any CPU
		{629B6029-62F0-4D52-9341-7D79D093B2E2}.Debug|Any CPU.Build.0 = Debug|Any CPU
		{629B6029-62F0-4D52-9341-7D79D093B2E2}.Release|Any CPU.ActiveCfg = Release|Any CPU
		{629B6029-62F0-4D52-9341-7D79D093B2E2}.Release|Any CPU.Build.0 = Release|Any CPU
		{3F129DE4-D8AF-484C-93D5-341E1D7F0F92}.Debug|Any CPU.ActiveCfg = Debug|Any CPU
		{3F129DE4-D8AF-484C-93D5-341E1D7F0F92}.Debug|Any CPU.Build.0 = Debug|Any CPU
		{3F129DE4-D8AF-484C-93D5-341E1D7F0F92}.Release|Any CPU.ActiveCfg = Release|Any CPU
		{3F129DE4-D8AF-484C-93D5-341E1D7F0F92}.Release|Any CPU.Build.0 = Release|Any CPU
		{895B01B3-AF20-44F7-8DD7-4E59FDDC4610}.Debug|Any CPU.ActiveCfg = Debug|Any CPU
		{895B01B3-AF20-44F7-8DD7-4E59FDDC4610}.Debug|Any CPU.Build.0 = Debug|Any CPU
		{895B01B3-AF20-44F7-8DD7-4E59FDDC4610}.Release|Any CPU.ActiveCfg = Release|Any CPU
		{895B01B3-AF20-44F7-8DD7-4E59FDDC4610}.Release|Any CPU.Build.0 = Release|Any CPU
		{DD79701C-6BE8-4C81-8FD5-D3C37EE344D1}.Debug|Any CPU.ActiveCfg = Debug|Any CPU
		{DD79701C-6BE8-4C81-8FD5-D3C37EE344D1}.Debug|Any CPU.Build.0 = Debug|Any CPU
		{DD79701C-6BE8-4C81-8FD5-D3C37EE344D1}.Release|Any CPU.ActiveCfg = Release|Any CPU
		{DD79701C-6BE8-4C81-8FD5-D3C37EE344D1}.Release|Any CPU.Build.0 = Release|Any CPU
		{F4B17278-5FE4-4232-8AF8-7EE6FED26204}.Debug|Any CPU.ActiveCfg = Debug|Any CPU
		{F4B17278-5FE4-4232-8AF8-7EE6FED26204}.Debug|Any CPU.Build.0 = Debug|Any CPU
		{F4B17278-5FE4-4232-8AF8-7EE6FED26204}.Release|Any CPU.ActiveCfg = Release|Any CPU
		{F4B17278-5FE4-4232-8AF8-7EE6FED26204}.Release|Any CPU.Build.0 = Release|Any CPU
	EndGlobalSection
	GlobalSection(SolutionProperties) = preSolution
		HideSolutionNode = FALSE
	EndGlobalSection
	GlobalSection(ExtensibilityGlobals) = postSolution
		SolutionGuid = {5D3C0B43-A4B7-4157-AE56-D702104D46C8}
	EndGlobalSection
EndGlobal
